
Microsoft Visual Studio Solution File, Format Version 12.00
# Visual Studio 14
VisualStudioVersion = 14.0.24720.0
MinimumVisualStudioVersion = 10.0.40219.1
Project("{FAE04EC0-301F-11D3-BF4B-00C04F79EFBC}") = "Xamarin.Forms.Notify.iOS", "Xamarin.Forms.Notify\Xamarin.Forms.Notify.iOS\Xamarin.Forms.Notify.iOS.csproj", "{C230FE67-F828-4846-BF03-0A65EAB63961}"
EndProject
Project("{FAE04EC0-301F-11D3-BF4B-00C04F79EFBC}") = "Xamarin.Forms.Notify.WinPhone", "Xamarin.Forms.Notify\Xamarin.Forms.Notify.WinPhone\Xamarin.Forms.Notify.WinPhone.csproj", "{A3C03D1E-B8EE-4587-A3C8-974684FB96E4}"
EndProject
Project("{FAE04EC0-301F-11D3-BF4B-00C04F79EFBC}") = "Xamarin.Forms.Notify.Windows", "Xamarin.Forms.Notify\Xamarin.Forms.Notify.Windows\Xamarin.Forms.Notify.Windows.csproj", "{206AC101-264B-44C1-999D-CFD16FFB8BB8}"
EndProject
Project("{FAE04EC0-301F-11D3-BF4B-00C04F79EFBC}") = "Xamarin.Forms.Notify", "Xamarin.Forms.Notify\Xamarin.Forms.Notify\Xamarin.Forms.Notify.csproj", "{37AAEF94-9CDF-4EA6-94FF-1F57C6E9E39E}"
EndProject
Project("{FAE04EC0-301F-11D3-BF4B-00C04F79EFBC}") = "Xamarin.Forms.Notify.Droid", "Xamarin.Forms.Notify\Xamarin.Forms.Notify.Droid\Xamarin.Forms.Notify.Droid.csproj", "{E15B15D2-AFF5-4753-B767-D9E356C6C99F}"
EndProject
Project("{FAE04EC0-301F-11D3-BF4B-00C04F79EFBC}") = "Notify.Droid.Test", "Notify.Droid.Test\Notify.Droid.Test.csproj", "{0F3E9EDC-8950-4D80-82B2-60FEBE6B30D8}"
EndProject
Project("{2150E333-8FDC-42A3-9474-1A3956D46DE8}") = "Solution Items", "Solution Items", "{4ADF2A03-DB1B-4C9E-8E41-EE4E5DBAC777}"
	ProjectSection(SolutionItems) = preProject
		..\..\.gitignore = ..\..\.gitignore
	EndProjectSection
EndProject
Project("{FAE04EC0-301F-11D3-BF4B-00C04F79EFBC}") = "Xamarin.Forms.Notify.Test", "Test\Xamarin.Forms.Notify.Test.csproj", "{C6259097-73A6-48DC-94BD-1123BBAF0CC7}"
EndProject
Project("{FAE04EC0-301F-11D3-BF4B-00C04F79EFBC}") = "Xamarin.Forms.Notify.UWP", "Xamarin.Forms.Notify\Xamarin.Forms.Notify.UWP\Xamarin.Forms.Notify.UWP.csproj", "{35C74D29-AA92-4F00-B737-EF6AD070E068}"
EndProject
Global
	GlobalSection(SolutionConfigurationPlatforms) = preSolution
		Ad-Hoc|Any CPU = Ad-Hoc|Any CPU
		Ad-Hoc|ARM = Ad-Hoc|ARM
		Ad-Hoc|iPhone = Ad-Hoc|iPhone
		Ad-Hoc|iPhoneSimulator = Ad-Hoc|iPhoneSimulator
		Ad-Hoc|x64 = Ad-Hoc|x64
		Ad-Hoc|x86 = Ad-Hoc|x86
		AppStore|Any CPU = AppStore|Any CPU
		AppStore|ARM = AppStore|ARM
		AppStore|iPhone = AppStore|iPhone
		AppStore|iPhoneSimulator = AppStore|iPhoneSimulator
		AppStore|x64 = AppStore|x64
		AppStore|x86 = AppStore|x86
		Debug|Any CPU = Debug|Any CPU
		Debug|ARM = Debug|ARM
		Debug|iPhone = Debug|iPhone
		Debug|iPhoneSimulator = Debug|iPhoneSimulator
		Debug|x64 = Debug|x64
		Debug|x86 = Debug|x86
		Release|Any CPU = Release|Any CPU
		Release|ARM = Release|ARM
		Release|iPhone = Release|iPhone
		Release|iPhoneSimulator = Release|iPhoneSimulator
		Release|x64 = Release|x64
		Release|x86 = Release|x86
	EndGlobalSection
	GlobalSection(ProjectConfigurationPlatforms) = postSolution
		{C230FE67-F828-4846-BF03-0A65EAB63961}.Ad-Hoc|Any CPU.ActiveCfg = Ad-Hoc|iPhone
		{C230FE67-F828-4846-BF03-0A65EAB63961}.Ad-Hoc|ARM.ActiveCfg = Ad-Hoc|iPhone
		{C230FE67-F828-4846-BF03-0A65EAB63961}.Ad-Hoc|iPhone.ActiveCfg = Ad-Hoc|iPhone
		{C230FE67-F828-4846-BF03-0A65EAB63961}.Ad-Hoc|iPhone.Build.0 = Ad-Hoc|iPhone
		{C230FE67-F828-4846-BF03-0A65EAB63961}.Ad-Hoc|iPhoneSimulator.ActiveCfg = Ad-Hoc|iPhoneSimulator
		{C230FE67-F828-4846-BF03-0A65EAB63961}.Ad-Hoc|iPhoneSimulator.Build.0 = Ad-Hoc|iPhoneSimulator
		{C230FE67-F828-4846-BF03-0A65EAB63961}.Ad-Hoc|x64.ActiveCfg = Ad-Hoc|iPhone
		{C230FE67-F828-4846-BF03-0A65EAB63961}.Ad-Hoc|x86.ActiveCfg = Ad-Hoc|iPhone
		{C230FE67-F828-4846-BF03-0A65EAB63961}.AppStore|Any CPU.ActiveCfg = AppStore|iPhone
		{C230FE67-F828-4846-BF03-0A65EAB63961}.AppStore|ARM.ActiveCfg = AppStore|iPhone
		{C230FE67-F828-4846-BF03-0A65EAB63961}.AppStore|iPhone.ActiveCfg = AppStore|iPhone
		{C230FE67-F828-4846-BF03-0A65EAB63961}.AppStore|iPhone.Build.0 = AppStore|iPhone
		{C230FE67-F828-4846-BF03-0A65EAB63961}.AppStore|iPhoneSimulator.ActiveCfg = AppStore|iPhoneSimulator
		{C230FE67-F828-4846-BF03-0A65EAB63961}.AppStore|iPhoneSimulator.Build.0 = AppStore|iPhoneSimulator
		{C230FE67-F828-4846-BF03-0A65EAB63961}.AppStore|x64.ActiveCfg = AppStore|iPhone
		{C230FE67-F828-4846-BF03-0A65EAB63961}.AppStore|x86.ActiveCfg = AppStore|iPhone
		{C230FE67-F828-4846-BF03-0A65EAB63961}.Debug|Any CPU.ActiveCfg = Debug|iPhone
		{C230FE67-F828-4846-BF03-0A65EAB63961}.Debug|ARM.ActiveCfg = Debug|iPhone
		{C230FE67-F828-4846-BF03-0A65EAB63961}.Debug|iPhone.ActiveCfg = Debug|iPhone
		{C230FE67-F828-4846-BF03-0A65EAB63961}.Debug|iPhone.Build.0 = Debug|iPhone
		{C230FE67-F828-4846-BF03-0A65EAB63961}.Debug|iPhoneSimulator.ActiveCfg = Debug|iPhoneSimulator
		{C230FE67-F828-4846-BF03-0A65EAB63961}.Debug|iPhoneSimulator.Build.0 = Debug|iPhoneSimulator
		{C230FE67-F828-4846-BF03-0A65EAB63961}.Debug|x64.ActiveCfg = Debug|iPhone
		{C230FE67-F828-4846-BF03-0A65EAB63961}.Debug|x86.ActiveCfg = Debug|iPhone
		{C230FE67-F828-4846-BF03-0A65EAB63961}.Release|Any CPU.ActiveCfg = Release|iPhone
		{C230FE67-F828-4846-BF03-0A65EAB63961}.Release|ARM.ActiveCfg = Release|iPhone
		{C230FE67-F828-4846-BF03-0A65EAB63961}.Release|iPhone.ActiveCfg = Release|iPhone
		{C230FE67-F828-4846-BF03-0A65EAB63961}.Release|iPhone.Build.0 = Release|iPhone
		{C230FE67-F828-4846-BF03-0A65EAB63961}.Release|iPhoneSimulator.ActiveCfg = Release|iPhoneSimulator
		{C230FE67-F828-4846-BF03-0A65EAB63961}.Release|iPhoneSimulator.Build.0 = Release|iPhoneSimulator
		{C230FE67-F828-4846-BF03-0A65EAB63961}.Release|x64.ActiveCfg = Release|iPhone
		{C230FE67-F828-4846-BF03-0A65EAB63961}.Release|x86.ActiveCfg = Release|iPhone
		{A3C03D1E-B8EE-4587-A3C8-974684FB96E4}.Ad-Hoc|Any CPU.ActiveCfg = Release|Any CPU
		{A3C03D1E-B8EE-4587-A3C8-974684FB96E4}.Ad-Hoc|Any CPU.Build.0 = Release|Any CPU
		{A3C03D1E-B8EE-4587-A3C8-974684FB96E4}.Ad-Hoc|Any CPU.Deploy.0 = Release|Any CPU
		{A3C03D1E-B8EE-4587-A3C8-974684FB96E4}.Ad-Hoc|ARM.ActiveCfg = Release|ARM
		{A3C03D1E-B8EE-4587-A3C8-974684FB96E4}.Ad-Hoc|ARM.Build.0 = Release|ARM
		{A3C03D1E-B8EE-4587-A3C8-974684FB96E4}.Ad-Hoc|ARM.Deploy.0 = Release|ARM
		{A3C03D1E-B8EE-4587-A3C8-974684FB96E4}.Ad-Hoc|iPhone.ActiveCfg = Release|Any CPU
		{A3C03D1E-B8EE-4587-A3C8-974684FB96E4}.Ad-Hoc|iPhone.Build.0 = Release|Any CPU
		{A3C03D1E-B8EE-4587-A3C8-974684FB96E4}.Ad-Hoc|iPhone.Deploy.0 = Release|Any CPU
		{A3C03D1E-B8EE-4587-A3C8-974684FB96E4}.Ad-Hoc|iPhoneSimulator.ActiveCfg = Release|Any CPU
		{A3C03D1E-B8EE-4587-A3C8-974684FB96E4}.Ad-Hoc|iPhoneSimulator.Build.0 = Release|Any CPU
		{A3C03D1E-B8EE-4587-A3C8-974684FB96E4}.Ad-Hoc|iPhoneSimulator.Deploy.0 = Release|Any CPU
		{A3C03D1E-B8EE-4587-A3C8-974684FB96E4}.Ad-Hoc|x64.ActiveCfg = Release|Any CPU
		{A3C03D1E-B8EE-4587-A3C8-974684FB96E4}.Ad-Hoc|x64.Build.0 = Release|Any CPU
		{A3C03D1E-B8EE-4587-A3C8-974684FB96E4}.Ad-Hoc|x64.Deploy.0 = Release|Any CPU
		{A3C03D1E-B8EE-4587-A3C8-974684FB96E4}.Ad-Hoc|x86.ActiveCfg = Release|x86
		{A3C03D1E-B8EE-4587-A3C8-974684FB96E4}.Ad-Hoc|x86.Build.0 = Release|x86
		{A3C03D1E-B8EE-4587-A3C8-974684FB96E4}.Ad-Hoc|x86.Deploy.0 = Release|x86
		{A3C03D1E-B8EE-4587-A3C8-974684FB96E4}.AppStore|Any CPU.ActiveCfg = Release|Any CPU
		{A3C03D1E-B8EE-4587-A3C8-974684FB96E4}.AppStore|Any CPU.Build.0 = Release|Any CPU
		{A3C03D1E-B8EE-4587-A3C8-974684FB96E4}.AppStore|Any CPU.Deploy.0 = Release|Any CPU
		{A3C03D1E-B8EE-4587-A3C8-974684FB96E4}.AppStore|ARM.ActiveCfg = Release|ARM
		{A3C03D1E-B8EE-4587-A3C8-974684FB96E4}.AppStore|ARM.Build.0 = Release|ARM
		{A3C03D1E-B8EE-4587-A3C8-974684FB96E4}.AppStore|ARM.Deploy.0 = Release|ARM
		{A3C03D1E-B8EE-4587-A3C8-974684FB96E4}.AppStore|iPhone.ActiveCfg = Release|Any CPU
		{A3C03D1E-B8EE-4587-A3C8-974684FB96E4}.AppStore|iPhone.Build.0 = Release|Any CPU
		{A3C03D1E-B8EE-4587-A3C8-974684FB96E4}.AppStore|iPhone.Deploy.0 = Release|Any CPU
		{A3C03D1E-B8EE-4587-A3C8-974684FB96E4}.AppStore|iPhoneSimulator.ActiveCfg = Release|Any CPU
		{A3C03D1E-B8EE-4587-A3C8-974684FB96E4}.AppStore|iPhoneSimulator.Build.0 = Release|Any CPU
		{A3C03D1E-B8EE-4587-A3C8-974684FB96E4}.AppStore|iPhoneSimulator.Deploy.0 = Release|Any CPU
		{A3C03D1E-B8EE-4587-A3C8-974684FB96E4}.AppStore|x64.ActiveCfg = Release|Any CPU
		{A3C03D1E-B8EE-4587-A3C8-974684FB96E4}.AppStore|x64.Build.0 = Release|Any CPU
		{A3C03D1E-B8EE-4587-A3C8-974684FB96E4}.AppStore|x64.Deploy.0 = Release|Any CPU
		{A3C03D1E-B8EE-4587-A3C8-974684FB96E4}.AppStore|x86.ActiveCfg = Release|x86
		{A3C03D1E-B8EE-4587-A3C8-974684FB96E4}.AppStore|x86.Build.0 = Release|x86
		{A3C03D1E-B8EE-4587-A3C8-974684FB96E4}.AppStore|x86.Deploy.0 = Release|x86
		{A3C03D1E-B8EE-4587-A3C8-974684FB96E4}.Debug|Any CPU.ActiveCfg = Debug|Any CPU
		{A3C03D1E-B8EE-4587-A3C8-974684FB96E4}.Debug|Any CPU.Build.0 = Debug|Any CPU
		{A3C03D1E-B8EE-4587-A3C8-974684FB96E4}.Debug|Any CPU.Deploy.0 = Debug|Any CPU
		{A3C03D1E-B8EE-4587-A3C8-974684FB96E4}.Debug|ARM.ActiveCfg = Debug|ARM
		{A3C03D1E-B8EE-4587-A3C8-974684FB96E4}.Debug|ARM.Build.0 = Debug|ARM
		{A3C03D1E-B8EE-4587-A3C8-974684FB96E4}.Debug|ARM.Deploy.0 = Debug|ARM
		{A3C03D1E-B8EE-4587-A3C8-974684FB96E4}.Debug|iPhone.ActiveCfg = Debug|Any CPU
		{A3C03D1E-B8EE-4587-A3C8-974684FB96E4}.Debug|iPhone.Build.0 = Debug|Any CPU
		{A3C03D1E-B8EE-4587-A3C8-974684FB96E4}.Debug|iPhone.Deploy.0 = Debug|Any CPU
		{A3C03D1E-B8EE-4587-A3C8-974684FB96E4}.Debug|iPhoneSimulator.ActiveCfg = Debug|Any CPU
		{A3C03D1E-B8EE-4587-A3C8-974684FB96E4}.Debug|iPhoneSimulator.Build.0 = Debug|Any CPU
		{A3C03D1E-B8EE-4587-A3C8-974684FB96E4}.Debug|iPhoneSimulator.Deploy.0 = Debug|Any CPU
		{A3C03D1E-B8EE-4587-A3C8-974684FB96E4}.Debug|x64.ActiveCfg = Debug|Any CPU
		{A3C03D1E-B8EE-4587-A3C8-974684FB96E4}.Debug|x64.Build.0 = Debug|Any CPU
		{A3C03D1E-B8EE-4587-A3C8-974684FB96E4}.Debug|x64.Deploy.0 = Debug|Any CPU
		{A3C03D1E-B8EE-4587-A3C8-974684FB96E4}.Debug|x86.ActiveCfg = Debug|x86
		{A3C03D1E-B8EE-4587-A3C8-974684FB96E4}.Debug|x86.Build.0 = Debug|x86
		{A3C03D1E-B8EE-4587-A3C8-974684FB96E4}.Debug|x86.Deploy.0 = Debug|x86
		{A3C03D1E-B8EE-4587-A3C8-974684FB96E4}.Release|Any CPU.ActiveCfg = Release|Any CPU
		{A3C03D1E-B8EE-4587-A3C8-974684FB96E4}.Release|Any CPU.Build.0 = Release|Any CPU
		{A3C03D1E-B8EE-4587-A3C8-974684FB96E4}.Release|Any CPU.Deploy.0 = Release|Any CPU
		{A3C03D1E-B8EE-4587-A3C8-974684FB96E4}.Release|ARM.ActiveCfg = Release|ARM
		{A3C03D1E-B8EE-4587-A3C8-974684FB96E4}.Release|ARM.Build.0 = Release|ARM
		{A3C03D1E-B8EE-4587-A3C8-974684FB96E4}.Release|ARM.Deploy.0 = Release|ARM
		{A3C03D1E-B8EE-4587-A3C8-974684FB96E4}.Release|iPhone.ActiveCfg = Release|Any CPU
		{A3C03D1E-B8EE-4587-A3C8-974684FB96E4}.Release|iPhone.Build.0 = Release|Any CPU
		{A3C03D1E-B8EE-4587-A3C8-974684FB96E4}.Release|iPhone.Deploy.0 = Release|Any CPU
		{A3C03D1E-B8EE-4587-A3C8-974684FB96E4}.Release|iPhoneSimulator.ActiveCfg = Release|Any CPU
		{A3C03D1E-B8EE-4587-A3C8-974684FB96E4}.Release|iPhoneSimulator.Build.0 = Release|Any CPU
		{A3C03D1E-B8EE-4587-A3C8-974684FB96E4}.Release|iPhoneSimulator.Deploy.0 = Release|Any CPU
		{A3C03D1E-B8EE-4587-A3C8-974684FB96E4}.Release|x64.ActiveCfg = Release|Any CPU
		{A3C03D1E-B8EE-4587-A3C8-974684FB96E4}.Release|x64.Build.0 = Release|Any CPU
		{A3C03D1E-B8EE-4587-A3C8-974684FB96E4}.Release|x64.Deploy.0 = Release|Any CPU
		{A3C03D1E-B8EE-4587-A3C8-974684FB96E4}.Release|x86.ActiveCfg = Release|x86
		{A3C03D1E-B8EE-4587-A3C8-974684FB96E4}.Release|x86.Build.0 = Release|x86
		{A3C03D1E-B8EE-4587-A3C8-974684FB96E4}.Release|x86.Deploy.0 = Release|x86
		{206AC101-264B-44C1-999D-CFD16FFB8BB8}.Ad-Hoc|Any CPU.ActiveCfg = Release|Any CPU
		{206AC101-264B-44C1-999D-CFD16FFB8BB8}.Ad-Hoc|Any CPU.Build.0 = Release|Any CPU
		{206AC101-264B-44C1-999D-CFD16FFB8BB8}.Ad-Hoc|Any CPU.Deploy.0 = Release|Any CPU
		{206AC101-264B-44C1-999D-CFD16FFB8BB8}.Ad-Hoc|ARM.ActiveCfg = Release|ARM
		{206AC101-264B-44C1-999D-CFD16FFB8BB8}.Ad-Hoc|ARM.Build.0 = Release|ARM
		{206AC101-264B-44C1-999D-CFD16FFB8BB8}.Ad-Hoc|ARM.Deploy.0 = Release|ARM
		{206AC101-264B-44C1-999D-CFD16FFB8BB8}.Ad-Hoc|iPhone.ActiveCfg = Release|Any CPU
		{206AC101-264B-44C1-999D-CFD16FFB8BB8}.Ad-Hoc|iPhone.Build.0 = Release|Any CPU
		{206AC101-264B-44C1-999D-CFD16FFB8BB8}.Ad-Hoc|iPhone.Deploy.0 = Release|Any CPU
		{206AC101-264B-44C1-999D-CFD16FFB8BB8}.Ad-Hoc|iPhoneSimulator.ActiveCfg = Release|Any CPU
		{206AC101-264B-44C1-999D-CFD16FFB8BB8}.Ad-Hoc|iPhoneSimulator.Build.0 = Release|Any CPU
		{206AC101-264B-44C1-999D-CFD16FFB8BB8}.Ad-Hoc|iPhoneSimulator.Deploy.0 = Release|Any CPU
		{206AC101-264B-44C1-999D-CFD16FFB8BB8}.Ad-Hoc|x64.ActiveCfg = Release|x64
		{206AC101-264B-44C1-999D-CFD16FFB8BB8}.Ad-Hoc|x64.Build.0 = Release|x64
		{206AC101-264B-44C1-999D-CFD16FFB8BB8}.Ad-Hoc|x64.Deploy.0 = Release|x64
		{206AC101-264B-44C1-999D-CFD16FFB8BB8}.Ad-Hoc|x86.ActiveCfg = Release|x86
		{206AC101-264B-44C1-999D-CFD16FFB8BB8}.Ad-Hoc|x86.Build.0 = Release|x86
		{206AC101-264B-44C1-999D-CFD16FFB8BB8}.Ad-Hoc|x86.Deploy.0 = Release|x86
		{206AC101-264B-44C1-999D-CFD16FFB8BB8}.AppStore|Any CPU.ActiveCfg = Release|Any CPU
		{206AC101-264B-44C1-999D-CFD16FFB8BB8}.AppStore|Any CPU.Build.0 = Release|Any CPU
		{206AC101-264B-44C1-999D-CFD16FFB8BB8}.AppStore|Any CPU.Deploy.0 = Release|Any CPU
		{206AC101-264B-44C1-999D-CFD16FFB8BB8}.AppStore|ARM.ActiveCfg = Release|ARM
		{206AC101-264B-44C1-999D-CFD16FFB8BB8}.AppStore|ARM.Build.0 = Release|ARM
		{206AC101-264B-44C1-999D-CFD16FFB8BB8}.AppStore|ARM.Deploy.0 = Release|ARM
		{206AC101-264B-44C1-999D-CFD16FFB8BB8}.AppStore|iPhone.ActiveCfg = Release|Any CPU
		{206AC101-264B-44C1-999D-CFD16FFB8BB8}.AppStore|iPhone.Build.0 = Release|Any CPU
		{206AC101-264B-44C1-999D-CFD16FFB8BB8}.AppStore|iPhone.Deploy.0 = Release|Any CPU
		{206AC101-264B-44C1-999D-CFD16FFB8BB8}.AppStore|iPhoneSimulator.ActiveCfg = Release|Any CPU
		{206AC101-264B-44C1-999D-CFD16FFB8BB8}.AppStore|iPhoneSimulator.Build.0 = Release|Any CPU
		{206AC101-264B-44C1-999D-CFD16FFB8BB8}.AppStore|iPhoneSimulator.Deploy.0 = Release|Any CPU
		{206AC101-264B-44C1-999D-CFD16FFB8BB8}.AppStore|x64.ActiveCfg = Release|x64
		{206AC101-264B-44C1-999D-CFD16FFB8BB8}.AppStore|x64.Build.0 = Release|x64
		{206AC101-264B-44C1-999D-CFD16FFB8BB8}.AppStore|x64.Deploy.0 = Release|x64
		{206AC101-264B-44C1-999D-CFD16FFB8BB8}.AppStore|x86.ActiveCfg = Release|x86
		{206AC101-264B-44C1-999D-CFD16FFB8BB8}.AppStore|x86.Build.0 = Release|x86
		{206AC101-264B-44C1-999D-CFD16FFB8BB8}.AppStore|x86.Deploy.0 = Release|x86
		{206AC101-264B-44C1-999D-CFD16FFB8BB8}.Debug|Any CPU.ActiveCfg = Debug|Any CPU
		{206AC101-264B-44C1-999D-CFD16FFB8BB8}.Debug|Any CPU.Build.0 = Debug|Any CPU
		{206AC101-264B-44C1-999D-CFD16FFB8BB8}.Debug|Any CPU.Deploy.0 = Debug|Any CPU
		{206AC101-264B-44C1-999D-CFD16FFB8BB8}.Debug|ARM.ActiveCfg = Debug|ARM
		{206AC101-264B-44C1-999D-CFD16FFB8BB8}.Debug|ARM.Build.0 = Debug|ARM
		{206AC101-264B-44C1-999D-CFD16FFB8BB8}.Debug|ARM.Deploy.0 = Debug|ARM
		{206AC101-264B-44C1-999D-CFD16FFB8BB8}.Debug|iPhone.ActiveCfg = Debug|Any CPU
		{206AC101-264B-44C1-999D-CFD16FFB8BB8}.Debug|iPhone.Build.0 = Debug|Any CPU
		{206AC101-264B-44C1-999D-CFD16FFB8BB8}.Debug|iPhone.Deploy.0 = Debug|Any CPU
		{206AC101-264B-44C1-999D-CFD16FFB8BB8}.Debug|iPhoneSimulator.ActiveCfg = Debug|Any CPU
		{206AC101-264B-44C1-999D-CFD16FFB8BB8}.Debug|iPhoneSimulator.Build.0 = Debug|Any CPU
		{206AC101-264B-44C1-999D-CFD16FFB8BB8}.Debug|iPhoneSimulator.Deploy.0 = Debug|Any CPU
		{206AC101-264B-44C1-999D-CFD16FFB8BB8}.Debug|x64.ActiveCfg = Debug|x64
		{206AC101-264B-44C1-999D-CFD16FFB8BB8}.Debug|x64.Build.0 = Debug|x64
		{206AC101-264B-44C1-999D-CFD16FFB8BB8}.Debug|x64.Deploy.0 = Debug|x64
		{206AC101-264B-44C1-999D-CFD16FFB8BB8}.Debug|x86.ActiveCfg = Debug|x86
		{206AC101-264B-44C1-999D-CFD16FFB8BB8}.Debug|x86.Build.0 = Debug|x86
		{206AC101-264B-44C1-999D-CFD16FFB8BB8}.Debug|x86.Deploy.0 = Debug|x86
		{206AC101-264B-44C1-999D-CFD16FFB8BB8}.Release|Any CPU.ActiveCfg = Release|Any CPU
		{206AC101-264B-44C1-999D-CFD16FFB8BB8}.Release|Any CPU.Build.0 = Release|Any CPU
		{206AC101-264B-44C1-999D-CFD16FFB8BB8}.Release|Any CPU.Deploy.0 = Release|Any CPU
		{206AC101-264B-44C1-999D-CFD16FFB8BB8}.Release|ARM.ActiveCfg = Release|ARM
		{206AC101-264B-44C1-999D-CFD16FFB8BB8}.Release|ARM.Build.0 = Release|ARM
		{206AC101-264B-44C1-999D-CFD16FFB8BB8}.Release|ARM.Deploy.0 = Release|ARM
		{206AC101-264B-44C1-999D-CFD16FFB8BB8}.Release|iPhone.ActiveCfg = Release|Any CPU
		{206AC101-264B-44C1-999D-CFD16FFB8BB8}.Release|iPhone.Build.0 = Release|Any CPU
		{206AC101-264B-44C1-999D-CFD16FFB8BB8}.Release|iPhone.Deploy.0 = Release|Any CPU
		{206AC101-264B-44C1-999D-CFD16FFB8BB8}.Release|iPhoneSimulator.ActiveCfg = Release|Any CPU
		{206AC101-264B-44C1-999D-CFD16FFB8BB8}.Release|iPhoneSimulator.Build.0 = Release|Any CPU
		{206AC101-264B-44C1-999D-CFD16FFB8BB8}.Release|iPhoneSimulator.Deploy.0 = Release|Any CPU
		{206AC101-264B-44C1-999D-CFD16FFB8BB8}.Release|x64.ActiveCfg = Release|x64
		{206AC101-264B-44C1-999D-CFD16FFB8BB8}.Release|x64.Build.0 = Release|x64
		{206AC101-264B-44C1-999D-CFD16FFB8BB8}.Release|x64.Deploy.0 = Release|x64
		{206AC101-264B-44C1-999D-CFD16FFB8BB8}.Release|x86.ActiveCfg = Release|x86
		{206AC101-264B-44C1-999D-CFD16FFB8BB8}.Release|x86.Build.0 = Release|x86
		{206AC101-264B-44C1-999D-CFD16FFB8BB8}.Release|x86.Deploy.0 = Release|x86
		{37AAEF94-9CDF-4EA6-94FF-1F57C6E9E39E}.Ad-Hoc|Any CPU.ActiveCfg = Release|Any CPU
		{37AAEF94-9CDF-4EA6-94FF-1F57C6E9E39E}.Ad-Hoc|Any CPU.Build.0 = Release|Any CPU
		{37AAEF94-9CDF-4EA6-94FF-1F57C6E9E39E}.Ad-Hoc|ARM.ActiveCfg = Release|Any CPU
		{37AAEF94-9CDF-4EA6-94FF-1F57C6E9E39E}.Ad-Hoc|ARM.Build.0 = Release|Any CPU
		{37AAEF94-9CDF-4EA6-94FF-1F57C6E9E39E}.Ad-Hoc|iPhone.ActiveCfg = Release|Any CPU
		{37AAEF94-9CDF-4EA6-94FF-1F57C6E9E39E}.Ad-Hoc|iPhone.Build.0 = Release|Any CPU
		{37AAEF94-9CDF-4EA6-94FF-1F57C6E9E39E}.Ad-Hoc|iPhoneSimulator.ActiveCfg = Release|Any CPU
		{37AAEF94-9CDF-4EA6-94FF-1F57C6E9E39E}.Ad-Hoc|iPhoneSimulator.Build.0 = Release|Any CPU
		{37AAEF94-9CDF-4EA6-94FF-1F57C6E9E39E}.Ad-Hoc|x64.ActiveCfg = Release|Any CPU
		{37AAEF94-9CDF-4EA6-94FF-1F57C6E9E39E}.Ad-Hoc|x64.Build.0 = Release|Any CPU
		{37AAEF94-9CDF-4EA6-94FF-1F57C6E9E39E}.Ad-Hoc|x86.ActiveCfg = Release|Any CPU
		{37AAEF94-9CDF-4EA6-94FF-1F57C6E9E39E}.Ad-Hoc|x86.Build.0 = Release|Any CPU
		{37AAEF94-9CDF-4EA6-94FF-1F57C6E9E39E}.AppStore|Any CPU.ActiveCfg = Release|Any CPU
		{37AAEF94-9CDF-4EA6-94FF-1F57C6E9E39E}.AppStore|Any CPU.Build.0 = Release|Any CPU
		{37AAEF94-9CDF-4EA6-94FF-1F57C6E9E39E}.AppStore|ARM.ActiveCfg = Release|Any CPU
		{37AAEF94-9CDF-4EA6-94FF-1F57C6E9E39E}.AppStore|ARM.Build.0 = Release|Any CPU
		{37AAEF94-9CDF-4EA6-94FF-1F57C6E9E39E}.AppStore|iPhone.ActiveCfg = Release|Any CPU
		{37AAEF94-9CDF-4EA6-94FF-1F57C6E9E39E}.AppStore|iPhone.Build.0 = Release|Any CPU
		{37AAEF94-9CDF-4EA6-94FF-1F57C6E9E39E}.AppStore|iPhoneSimulator.ActiveCfg = Release|Any CPU
		{37AAEF94-9CDF-4EA6-94FF-1F57C6E9E39E}.AppStore|iPhoneSimulator.Build.0 = Release|Any CPU
		{37AAEF94-9CDF-4EA6-94FF-1F57C6E9E39E}.AppStore|x64.ActiveCfg = Release|Any CPU
		{37AAEF94-9CDF-4EA6-94FF-1F57C6E9E39E}.AppStore|x64.Build.0 = Release|Any CPU
		{37AAEF94-9CDF-4EA6-94FF-1F57C6E9E39E}.AppStore|x86.ActiveCfg = Release|Any CPU
		{37AAEF94-9CDF-4EA6-94FF-1F57C6E9E39E}.AppStore|x86.Build.0 = Release|Any CPU
		{37AAEF94-9CDF-4EA6-94FF-1F57C6E9E39E}.Debug|Any CPU.ActiveCfg = Debug|Any CPU
		{37AAEF94-9CDF-4EA6-94FF-1F57C6E9E39E}.Debug|Any CPU.Build.0 = Debug|Any CPU
		{37AAEF94-9CDF-4EA6-94FF-1F57C6E9E39E}.Debug|ARM.ActiveCfg = Debug|Any CPU
		{37AAEF94-9CDF-4EA6-94FF-1F57C6E9E39E}.Debug|ARM.Build.0 = Debug|Any CPU
		{37AAEF94-9CDF-4EA6-94FF-1F57C6E9E39E}.Debug|iPhone.ActiveCfg = Debug|Any CPU
		{37AAEF94-9CDF-4EA6-94FF-1F57C6E9E39E}.Debug|iPhone.Build.0 = Debug|Any CPU
		{37AAEF94-9CDF-4EA6-94FF-1F57C6E9E39E}.Debug|iPhoneSimulator.ActiveCfg = Debug|Any CPU
		{37AAEF94-9CDF-4EA6-94FF-1F57C6E9E39E}.Debug|iPhoneSimulator.Build.0 = Debug|Any CPU
		{37AAEF94-9CDF-4EA6-94FF-1F57C6E9E39E}.Debug|x64.ActiveCfg = Debug|Any CPU
		{37AAEF94-9CDF-4EA6-94FF-1F57C6E9E39E}.Debug|x64.Build.0 = Debug|Any CPU
		{37AAEF94-9CDF-4EA6-94FF-1F57C6E9E39E}.Debug|x86.ActiveCfg = Debug|Any CPU
		{37AAEF94-9CDF-4EA6-94FF-1F57C6E9E39E}.Debug|x86.Build.0 = Debug|Any CPU
		{37AAEF94-9CDF-4EA6-94FF-1F57C6E9E39E}.Release|Any CPU.ActiveCfg = Release|Any CPU
		{37AAEF94-9CDF-4EA6-94FF-1F57C6E9E39E}.Release|Any CPU.Build.0 = Release|Any CPU
		{37AAEF94-9CDF-4EA6-94FF-1F57C6E9E39E}.Release|ARM.ActiveCfg = Release|Any CPU
		{37AAEF94-9CDF-4EA6-94FF-1F57C6E9E39E}.Release|ARM.Build.0 = Release|Any CPU
		{37AAEF94-9CDF-4EA6-94FF-1F57C6E9E39E}.Release|iPhone.ActiveCfg = Release|Any CPU
		{37AAEF94-9CDF-4EA6-94FF-1F57C6E9E39E}.Release|iPhone.Build.0 = Release|Any CPU
		{37AAEF94-9CDF-4EA6-94FF-1F57C6E9E39E}.Release|iPhoneSimulator.ActiveCfg = Release|Any CPU
		{37AAEF94-9CDF-4EA6-94FF-1F57C6E9E39E}.Release|iPhoneSimulator.Build.0 = Release|Any CPU
		{37AAEF94-9CDF-4EA6-94FF-1F57C6E9E39E}.Release|x64.ActiveCfg = Release|Any CPU
		{37AAEF94-9CDF-4EA6-94FF-1F57C6E9E39E}.Release|x64.Build.0 = Release|Any CPU
		{37AAEF94-9CDF-4EA6-94FF-1F57C6E9E39E}.Release|x86.ActiveCfg = Release|Any CPU
		{37AAEF94-9CDF-4EA6-94FF-1F57C6E9E39E}.Release|x86.Build.0 = Release|Any CPU
		{E15B15D2-AFF5-4753-B767-D9E356C6C99F}.Ad-Hoc|Any CPU.ActiveCfg = Release|Any CPU
		{E15B15D2-AFF5-4753-B767-D9E356C6C99F}.Ad-Hoc|Any CPU.Build.0 = Release|Any CPU
		{E15B15D2-AFF5-4753-B767-D9E356C6C99F}.Ad-Hoc|ARM.ActiveCfg = Release|Any CPU
		{E15B15D2-AFF5-4753-B767-D9E356C6C99F}.Ad-Hoc|ARM.Build.0 = Release|Any CPU
		{E15B15D2-AFF5-4753-B767-D9E356C6C99F}.Ad-Hoc|iPhone.ActiveCfg = Release|Any CPU
		{E15B15D2-AFF5-4753-B767-D9E356C6C99F}.Ad-Hoc|iPhone.Build.0 = Release|Any CPU
		{E15B15D2-AFF5-4753-B767-D9E356C6C99F}.Ad-Hoc|iPhoneSimulator.ActiveCfg = Release|Any CPU
		{E15B15D2-AFF5-4753-B767-D9E356C6C99F}.Ad-Hoc|iPhoneSimulator.Build.0 = Release|Any CPU
		{E15B15D2-AFF5-4753-B767-D9E356C6C99F}.Ad-Hoc|x64.ActiveCfg = Release|Any CPU
		{E15B15D2-AFF5-4753-B767-D9E356C6C99F}.Ad-Hoc|x64.Build.0 = Release|Any CPU
		{E15B15D2-AFF5-4753-B767-D9E356C6C99F}.Ad-Hoc|x86.ActiveCfg = Release|Any CPU
		{E15B15D2-AFF5-4753-B767-D9E356C6C99F}.Ad-Hoc|x86.Build.0 = Release|Any CPU
		{E15B15D2-AFF5-4753-B767-D9E356C6C99F}.AppStore|Any CPU.ActiveCfg = Release|Any CPU
		{E15B15D2-AFF5-4753-B767-D9E356C6C99F}.AppStore|Any CPU.Build.0 = Release|Any CPU
		{E15B15D2-AFF5-4753-B767-D9E356C6C99F}.AppStore|ARM.ActiveCfg = Release|Any CPU
		{E15B15D2-AFF5-4753-B767-D9E356C6C99F}.AppStore|ARM.Build.0 = Release|Any CPU
		{E15B15D2-AFF5-4753-B767-D9E356C6C99F}.AppStore|iPhone.ActiveCfg = Release|Any CPU
		{E15B15D2-AFF5-4753-B767-D9E356C6C99F}.AppStore|iPhone.Build.0 = Release|Any CPU
		{E15B15D2-AFF5-4753-B767-D9E356C6C99F}.AppStore|iPhoneSimulator.ActiveCfg = Release|Any CPU
		{E15B15D2-AFF5-4753-B767-D9E356C6C99F}.AppStore|iPhoneSimulator.Build.0 = Release|Any CPU
		{E15B15D2-AFF5-4753-B767-D9E356C6C99F}.AppStore|x64.ActiveCfg = Release|Any CPU
		{E15B15D2-AFF5-4753-B767-D9E356C6C99F}.AppStore|x64.Build.0 = Release|Any CPU
		{E15B15D2-AFF5-4753-B767-D9E356C6C99F}.AppStore|x86.ActiveCfg = Release|Any CPU
		{E15B15D2-AFF5-4753-B767-D9E356C6C99F}.AppStore|x86.Build.0 = Release|Any CPU
		{E15B15D2-AFF5-4753-B767-D9E356C6C99F}.Debug|Any CPU.ActiveCfg = Debug|Any CPU
		{E15B15D2-AFF5-4753-B767-D9E356C6C99F}.Debug|Any CPU.Build.0 = Debug|Any CPU
		{E15B15D2-AFF5-4753-B767-D9E356C6C99F}.Debug|ARM.ActiveCfg = Debug|Any CPU
		{E15B15D2-AFF5-4753-B767-D9E356C6C99F}.Debug|ARM.Build.0 = Debug|Any CPU
		{E15B15D2-AFF5-4753-B767-D9E356C6C99F}.Debug|iPhone.ActiveCfg = Debug|Any CPU
		{E15B15D2-AFF5-4753-B767-D9E356C6C99F}.Debug|iPhone.Build.0 = Debug|Any CPU
		{E15B15D2-AFF5-4753-B767-D9E356C6C99F}.Debug|iPhoneSimulator.ActiveCfg = Debug|Any CPU
		{E15B15D2-AFF5-4753-B767-D9E356C6C99F}.Debug|iPhoneSimulator.Build.0 = Debug|Any CPU
		{E15B15D2-AFF5-4753-B767-D9E356C6C99F}.Debug|x64.ActiveCfg = Debug|Any CPU
		{E15B15D2-AFF5-4753-B767-D9E356C6C99F}.Debug|x64.Build.0 = Debug|Any CPU
		{E15B15D2-AFF5-4753-B767-D9E356C6C99F}.Debug|x86.ActiveCfg = Debug|Any CPU
		{E15B15D2-AFF5-4753-B767-D9E356C6C99F}.Debug|x86.Build.0 = Debug|Any CPU
		{E15B15D2-AFF5-4753-B767-D9E356C6C99F}.Release|Any CPU.ActiveCfg = Release|Any CPU
		{E15B15D2-AFF5-4753-B767-D9E356C6C99F}.Release|Any CPU.Build.0 = Release|Any CPU
		{E15B15D2-AFF5-4753-B767-D9E356C6C99F}.Release|ARM.ActiveCfg = Release|Any CPU
		{E15B15D2-AFF5-4753-B767-D9E356C6C99F}.Release|ARM.Build.0 = Release|Any CPU
		{E15B15D2-AFF5-4753-B767-D9E356C6C99F}.Release|iPhone.ActiveCfg = Release|Any CPU
		{E15B15D2-AFF5-4753-B767-D9E356C6C99F}.Release|iPhone.Build.0 = Release|Any CPU
		{E15B15D2-AFF5-4753-B767-D9E356C6C99F}.Release|iPhoneSimulator.ActiveCfg = Release|Any CPU
		{E15B15D2-AFF5-4753-B767-D9E356C6C99F}.Release|iPhoneSimulator.Build.0 = Release|Any CPU
		{E15B15D2-AFF5-4753-B767-D9E356C6C99F}.Release|x64.ActiveCfg = Release|Any CPU
		{E15B15D2-AFF5-4753-B767-D9E356C6C99F}.Release|x64.Build.0 = Release|Any CPU
		{E15B15D2-AFF5-4753-B767-D9E356C6C99F}.Release|x86.ActiveCfg = Release|Any CPU
		{E15B15D2-AFF5-4753-B767-D9E356C6C99F}.Release|x86.Build.0 = Release|Any CPU
		{0F3E9EDC-8950-4D80-82B2-60FEBE6B30D8}.Ad-Hoc|Any CPU.ActiveCfg = Release|Any CPU
		{0F3E9EDC-8950-4D80-82B2-60FEBE6B30D8}.Ad-Hoc|Any CPU.Build.0 = Release|Any CPU
		{0F3E9EDC-8950-4D80-82B2-60FEBE6B30D8}.Ad-Hoc|Any CPU.Deploy.0 = Release|Any CPU
		{0F3E9EDC-8950-4D80-82B2-60FEBE6B30D8}.Ad-Hoc|ARM.ActiveCfg = Release|Any CPU
		{0F3E9EDC-8950-4D80-82B2-60FEBE6B30D8}.Ad-Hoc|ARM.Build.0 = Release|Any CPU
		{0F3E9EDC-8950-4D80-82B2-60FEBE6B30D8}.Ad-Hoc|ARM.Deploy.0 = Release|Any CPU
		{0F3E9EDC-8950-4D80-82B2-60FEBE6B30D8}.Ad-Hoc|iPhone.ActiveCfg = Release|Any CPU
		{0F3E9EDC-8950-4D80-82B2-60FEBE6B30D8}.Ad-Hoc|iPhone.Build.0 = Release|Any CPU
		{0F3E9EDC-8950-4D80-82B2-60FEBE6B30D8}.Ad-Hoc|iPhone.Deploy.0 = Release|Any CPU
		{0F3E9EDC-8950-4D80-82B2-60FEBE6B30D8}.Ad-Hoc|iPhoneSimulator.ActiveCfg = Release|Any CPU
		{0F3E9EDC-8950-4D80-82B2-60FEBE6B30D8}.Ad-Hoc|iPhoneSimulator.Build.0 = Release|Any CPU
		{0F3E9EDC-8950-4D80-82B2-60FEBE6B30D8}.Ad-Hoc|iPhoneSimulator.Deploy.0 = Release|Any CPU
		{0F3E9EDC-8950-4D80-82B2-60FEBE6B30D8}.Ad-Hoc|x64.ActiveCfg = Release|Any CPU
		{0F3E9EDC-8950-4D80-82B2-60FEBE6B30D8}.Ad-Hoc|x64.Build.0 = Release|Any CPU
		{0F3E9EDC-8950-4D80-82B2-60FEBE6B30D8}.Ad-Hoc|x64.Deploy.0 = Release|Any CPU
		{0F3E9EDC-8950-4D80-82B2-60FEBE6B30D8}.Ad-Hoc|x86.ActiveCfg = Release|Any CPU
		{0F3E9EDC-8950-4D80-82B2-60FEBE6B30D8}.Ad-Hoc|x86.Build.0 = Release|Any CPU
		{0F3E9EDC-8950-4D80-82B2-60FEBE6B30D8}.Ad-Hoc|x86.Deploy.0 = Release|Any CPU
		{0F3E9EDC-8950-4D80-82B2-60FEBE6B30D8}.AppStore|Any CPU.ActiveCfg = Release|Any CPU
		{0F3E9EDC-8950-4D80-82B2-60FEBE6B30D8}.AppStore|Any CPU.Build.0 = Release|Any CPU
		{0F3E9EDC-8950-4D80-82B2-60FEBE6B30D8}.AppStore|Any CPU.Deploy.0 = Release|Any CPU
		{0F3E9EDC-8950-4D80-82B2-60FEBE6B30D8}.AppStore|ARM.ActiveCfg = Release|Any CPU
		{0F3E9EDC-8950-4D80-82B2-60FEBE6B30D8}.AppStore|ARM.Build.0 = Release|Any CPU
		{0F3E9EDC-8950-4D80-82B2-60FEBE6B30D8}.AppStore|ARM.Deploy.0 = Release|Any CPU
		{0F3E9EDC-8950-4D80-82B2-60FEBE6B30D8}.AppStore|iPhone.ActiveCfg = Release|Any CPU
		{0F3E9EDC-8950-4D80-82B2-60FEBE6B30D8}.AppStore|iPhone.Build.0 = Release|Any CPU
		{0F3E9EDC-8950-4D80-82B2-60FEBE6B30D8}.AppStore|iPhone.Deploy.0 = Release|Any CPU
		{0F3E9EDC-8950-4D80-82B2-60FEBE6B30D8}.AppStore|iPhoneSimulator.ActiveCfg = Release|Any CPU
		{0F3E9EDC-8950-4D80-82B2-60FEBE6B30D8}.AppStore|iPhoneSimulator.Build.0 = Release|Any CPU
		{0F3E9EDC-8950-4D80-82B2-60FEBE6B30D8}.AppStore|iPhoneSimulator.Deploy.0 = Release|Any CPU
		{0F3E9EDC-8950-4D80-82B2-60FEBE6B30D8}.AppStore|x64.ActiveCfg = Release|Any CPU
		{0F3E9EDC-8950-4D80-82B2-60FEBE6B30D8}.AppStore|x64.Build.0 = Release|Any CPU
		{0F3E9EDC-8950-4D80-82B2-60FEBE6B30D8}.AppStore|x64.Deploy.0 = Release|Any CPU
		{0F3E9EDC-8950-4D80-82B2-60FEBE6B30D8}.AppStore|x86.ActiveCfg = Release|Any CPU
		{0F3E9EDC-8950-4D80-82B2-60FEBE6B30D8}.AppStore|x86.Build.0 = Release|Any CPU
		{0F3E9EDC-8950-4D80-82B2-60FEBE6B30D8}.AppStore|x86.Deploy.0 = Release|Any CPU
		{0F3E9EDC-8950-4D80-82B2-60FEBE6B30D8}.Debug|Any CPU.ActiveCfg = Debug|Any CPU
		{0F3E9EDC-8950-4D80-82B2-60FEBE6B30D8}.Debug|Any CPU.Build.0 = Debug|Any CPU
		{0F3E9EDC-8950-4D80-82B2-60FEBE6B30D8}.Debug|Any CPU.Deploy.0 = Debug|Any CPU
		{0F3E9EDC-8950-4D80-82B2-60FEBE6B30D8}.Debug|ARM.ActiveCfg = Debug|Any CPU
		{0F3E9EDC-8950-4D80-82B2-60FEBE6B30D8}.Debug|ARM.Build.0 = Debug|Any CPU
		{0F3E9EDC-8950-4D80-82B2-60FEBE6B30D8}.Debug|ARM.Deploy.0 = Debug|Any CPU
		{0F3E9EDC-8950-4D80-82B2-60FEBE6B30D8}.Debug|iPhone.ActiveCfg = Debug|Any CPU
		{0F3E9EDC-8950-4D80-82B2-60FEBE6B30D8}.Debug|iPhone.Build.0 = Debug|Any CPU
		{0F3E9EDC-8950-4D80-82B2-60FEBE6B30D8}.Debug|iPhone.Deploy.0 = Debug|Any CPU
		{0F3E9EDC-8950-4D80-82B2-60FEBE6B30D8}.Debug|iPhoneSimulator.ActiveCfg = Debug|Any CPU
		{0F3E9EDC-8950-4D80-82B2-60FEBE6B30D8}.Debug|iPhoneSimulator.Build.0 = Debug|Any CPU
		{0F3E9EDC-8950-4D80-82B2-60FEBE6B30D8}.Debug|iPhoneSimulator.Deploy.0 = Debug|Any CPU
		{0F3E9EDC-8950-4D80-82B2-60FEBE6B30D8}.Debug|x64.ActiveCfg = Debug|Any CPU
		{0F3E9EDC-8950-4D80-82B2-60FEBE6B30D8}.Debug|x64.Build.0 = Debug|Any CPU
		{0F3E9EDC-8950-4D80-82B2-60FEBE6B30D8}.Debug|x64.Deploy.0 = Debug|Any CPU
		{0F3E9EDC-8950-4D80-82B2-60FEBE6B30D8}.Debug|x86.ActiveCfg = Debug|Any CPU
		{0F3E9EDC-8950-4D80-82B2-60FEBE6B30D8}.Debug|x86.Build.0 = Debug|Any CPU
		{0F3E9EDC-8950-4D80-82B2-60FEBE6B30D8}.Debug|x86.Deploy.0 = Debug|Any CPU
		{0F3E9EDC-8950-4D80-82B2-60FEBE6B30D8}.Release|Any CPU.ActiveCfg = Release|Any CPU
		{0F3E9EDC-8950-4D80-82B2-60FEBE6B30D8}.Release|Any CPU.Build.0 = Release|Any CPU
		{0F3E9EDC-8950-4D80-82B2-60FEBE6B30D8}.Release|Any CPU.Deploy.0 = Release|Any CPU
		{0F3E9EDC-8950-4D80-82B2-60FEBE6B30D8}.Release|ARM.ActiveCfg = Release|Any CPU
		{0F3E9EDC-8950-4D80-82B2-60FEBE6B30D8}.Release|ARM.Build.0 = Release|Any CPU
		{0F3E9EDC-8950-4D80-82B2-60FEBE6B30D8}.Release|ARM.Deploy.0 = Release|Any CPU
		{0F3E9EDC-8950-4D80-82B2-60FEBE6B30D8}.Release|iPhone.ActiveCfg = Release|Any CPU
		{0F3E9EDC-8950-4D80-82B2-60FEBE6B30D8}.Release|iPhone.Build.0 = Release|Any CPU
		{0F3E9EDC-8950-4D80-82B2-60FEBE6B30D8}.Release|iPhone.Deploy.0 = Release|Any CPU
		{0F3E9EDC-8950-4D80-82B2-60FEBE6B30D8}.Release|iPhoneSimulator.ActiveCfg = Release|Any CPU
		{0F3E9EDC-8950-4D80-82B2-60FEBE6B30D8}.Release|iPhoneSimulator.Build.0 = Release|Any CPU
		{0F3E9EDC-8950-4D80-82B2-60FEBE6B30D8}.Release|iPhoneSimulator.Deploy.0 = Release|Any CPU
		{0F3E9EDC-8950-4D80-82B2-60FEBE6B30D8}.Release|x64.ActiveCfg = Release|Any CPU
		{0F3E9EDC-8950-4D80-82B2-60FEBE6B30D8}.Release|x64.Build.0 = Release|Any CPU
		{0F3E9EDC-8950-4D80-82B2-60FEBE6B30D8}.Release|x64.Deploy.0 = Release|Any CPU
		{0F3E9EDC-8950-4D80-82B2-60FEBE6B30D8}.Release|x86.ActiveCfg = Release|Any CPU
		{0F3E9EDC-8950-4D80-82B2-60FEBE6B30D8}.Release|x86.Build.0 = Release|Any CPU
		{0F3E9EDC-8950-4D80-82B2-60FEBE6B30D8}.Release|x86.Deploy.0 = Release|Any CPU
		{C6259097-73A6-48DC-94BD-1123BBAF0CC7}.Ad-Hoc|Any CPU.ActiveCfg = Release|Any CPU
		{C6259097-73A6-48DC-94BD-1123BBAF0CC7}.Ad-Hoc|Any CPU.Build.0 = Release|Any CPU
		{C6259097-73A6-48DC-94BD-1123BBAF0CC7}.Ad-Hoc|ARM.ActiveCfg = Release|Any CPU
		{C6259097-73A6-48DC-94BD-1123BBAF0CC7}.Ad-Hoc|ARM.Build.0 = Release|Any CPU
		{C6259097-73A6-48DC-94BD-1123BBAF0CC7}.Ad-Hoc|iPhone.ActiveCfg = Release|Any CPU
		{C6259097-73A6-48DC-94BD-1123BBAF0CC7}.Ad-Hoc|iPhone.Build.0 = Release|Any CPU
		{C6259097-73A6-48DC-94BD-1123BBAF0CC7}.Ad-Hoc|iPhoneSimulator.ActiveCfg = Release|Any CPU
		{C6259097-73A6-48DC-94BD-1123BBAF0CC7}.Ad-Hoc|iPhoneSimulator.Build.0 = Release|Any CPU
		{C6259097-73A6-48DC-94BD-1123BBAF0CC7}.Ad-Hoc|x64.ActiveCfg = Release|Any CPU
		{C6259097-73A6-48DC-94BD-1123BBAF0CC7}.Ad-Hoc|x64.Build.0 = Release|Any CPU
		{C6259097-73A6-48DC-94BD-1123BBAF0CC7}.Ad-Hoc|x86.ActiveCfg = Release|Any CPU
		{C6259097-73A6-48DC-94BD-1123BBAF0CC7}.Ad-Hoc|x86.Build.0 = Release|Any CPU
		{C6259097-73A6-48DC-94BD-1123BBAF0CC7}.AppStore|Any CPU.ActiveCfg = Release|Any CPU
		{C6259097-73A6-48DC-94BD-1123BBAF0CC7}.AppStore|Any CPU.Build.0 = Release|Any CPU
		{C6259097-73A6-48DC-94BD-1123BBAF0CC7}.AppStore|ARM.ActiveCfg = Release|Any CPU
		{C6259097-73A6-48DC-94BD-1123BBAF0CC7}.AppStore|ARM.Build.0 = Release|Any CPU
		{C6259097-73A6-48DC-94BD-1123BBAF0CC7}.AppStore|iPhone.ActiveCfg = Release|Any CPU
		{C6259097-73A6-48DC-94BD-1123BBAF0CC7}.AppStore|iPhone.Build.0 = Release|Any CPU
		{C6259097-73A6-48DC-94BD-1123BBAF0CC7}.AppStore|iPhoneSimulator.ActiveCfg = Release|Any CPU
		{C6259097-73A6-48DC-94BD-1123BBAF0CC7}.AppStore|iPhoneSimulator.Build.0 = Release|Any CPU
		{C6259097-73A6-48DC-94BD-1123BBAF0CC7}.AppStore|x64.ActiveCfg = Release|Any CPU
		{C6259097-73A6-48DC-94BD-1123BBAF0CC7}.AppStore|x64.Build.0 = Release|Any CPU
		{C6259097-73A6-48DC-94BD-1123BBAF0CC7}.AppStore|x86.ActiveCfg = Release|Any CPU
		{C6259097-73A6-48DC-94BD-1123BBAF0CC7}.AppStore|x86.Build.0 = Release|Any CPU
		{C6259097-73A6-48DC-94BD-1123BBAF0CC7}.Debug|Any CPU.ActiveCfg = Debug|Any CPU
		{C6259097-73A6-48DC-94BD-1123BBAF0CC7}.Debug|Any CPU.Build.0 = Debug|Any CPU
		{C6259097-73A6-48DC-94BD-1123BBAF0CC7}.Debug|ARM.ActiveCfg = Debug|Any CPU
		{C6259097-73A6-48DC-94BD-1123BBAF0CC7}.Debug|ARM.Build.0 = Debug|Any CPU
		{C6259097-73A6-48DC-94BD-1123BBAF0CC7}.Debug|iPhone.ActiveCfg = Debug|Any CPU
		{C6259097-73A6-48DC-94BD-1123BBAF0CC7}.Debug|iPhone.Build.0 = Debug|Any CPU
		{C6259097-73A6-48DC-94BD-1123BBAF0CC7}.Debug|iPhoneSimulator.ActiveCfg = Debug|Any CPU
		{C6259097-73A6-48DC-94BD-1123BBAF0CC7}.Debug|iPhoneSimulator.Build.0 = Debug|Any CPU
		{C6259097-73A6-48DC-94BD-1123BBAF0CC7}.Debug|x64.ActiveCfg = Debug|Any CPU
		{C6259097-73A6-48DC-94BD-1123BBAF0CC7}.Debug|x64.Build.0 = Debug|Any CPU
		{C6259097-73A6-48DC-94BD-1123BBAF0CC7}.Debug|x86.ActiveCfg = Debug|Any CPU
		{C6259097-73A6-48DC-94BD-1123BBAF0CC7}.Debug|x86.Build.0 = Debug|Any CPU
		{C6259097-73A6-48DC-94BD-1123BBAF0CC7}.Release|Any CPU.ActiveCfg = Release|Any CPU
		{C6259097-73A6-48DC-94BD-1123BBAF0CC7}.Release|Any CPU.Build.0 = Release|Any CPU
		{C6259097-73A6-48DC-94BD-1123BBAF0CC7}.Release|ARM.ActiveCfg = Release|Any CPU
		{C6259097-73A6-48DC-94BD-1123BBAF0CC7}.Release|ARM.Build.0 = Release|Any CPU
		{C6259097-73A6-48DC-94BD-1123BBAF0CC7}.Release|iPhone.ActiveCfg = Release|Any CPU
		{C6259097-73A6-48DC-94BD-1123BBAF0CC7}.Release|iPhone.Build.0 = Release|Any CPU
		{C6259097-73A6-48DC-94BD-1123BBAF0CC7}.Release|iPhoneSimulator.ActiveCfg = Release|Any CPU
		{C6259097-73A6-48DC-94BD-1123BBAF0CC7}.Release|iPhoneSimulator.Build.0 = Release|Any CPU
		{C6259097-73A6-48DC-94BD-1123BBAF0CC7}.Release|x64.ActiveCfg = Release|Any CPU
		{C6259097-73A6-48DC-94BD-1123BBAF0CC7}.Release|x64.Build.0 = Release|Any CPU
		{C6259097-73A6-48DC-94BD-1123BBAF0CC7}.Release|x86.ActiveCfg = Release|Any CPU
		{C6259097-73A6-48DC-94BD-1123BBAF0CC7}.Release|x86.Build.0 = Release|Any CPU
		{35C74D29-AA92-4F00-B737-EF6AD070E068}.Ad-Hoc|Any CPU.ActiveCfg = Release|x86
		{35C74D29-AA92-4F00-B737-EF6AD070E068}.Ad-Hoc|Any CPU.Build.0 = Release|x86
		{35C74D29-AA92-4F00-B737-EF6AD070E068}.Ad-Hoc|Any CPU.Deploy.0 = Release|x86
		{35C74D29-AA92-4F00-B737-EF6AD070E068}.Ad-Hoc|ARM.ActiveCfg = Release|ARM
		{35C74D29-AA92-4F00-B737-EF6AD070E068}.Ad-Hoc|ARM.Build.0 = Release|ARM
		{35C74D29-AA92-4F00-B737-EF6AD070E068}.Ad-Hoc|ARM.Deploy.0 = Release|ARM
		{35C74D29-AA92-4F00-B737-EF6AD070E068}.Ad-Hoc|iPhone.ActiveCfg = Release|x86
		{35C74D29-AA92-4F00-B737-EF6AD070E068}.Ad-Hoc|iPhone.Build.0 = Release|x86
		{35C74D29-AA92-4F00-B737-EF6AD070E068}.Ad-Hoc|iPhone.Deploy.0 = Release|x86
		{35C74D29-AA92-4F00-B737-EF6AD070E068}.Ad-Hoc|iPhoneSimulator.ActiveCfg = Release|x86
		{35C74D29-AA92-4F00-B737-EF6AD070E068}.Ad-Hoc|iPhoneSimulator.Build.0 = Release|x86
		{35C74D29-AA92-4F00-B737-EF6AD070E068}.Ad-Hoc|iPhoneSimulator.Deploy.0 = Release|x86
		{35C74D29-AA92-4F00-B737-EF6AD070E068}.Ad-Hoc|x64.ActiveCfg = Release|x64
		{35C74D29-AA92-4F00-B737-EF6AD070E068}.Ad-Hoc|x64.Build.0 = Release|x64
		{35C74D29-AA92-4F00-B737-EF6AD070E068}.Ad-Hoc|x64.Deploy.0 = Release|x64
		{35C74D29-AA92-4F00-B737-EF6AD070E068}.Ad-Hoc|x86.ActiveCfg = Release|x86
		{35C74D29-AA92-4F00-B737-EF6AD070E068}.Ad-Hoc|x86.Build.0 = Release|x86
		{35C74D29-AA92-4F00-B737-EF6AD070E068}.Ad-Hoc|x86.Deploy.0 = Release|x86
		{35C74D29-AA92-4F00-B737-EF6AD070E068}.AppStore|Any CPU.ActiveCfg = Release|x86
		{35C74D29-AA92-4F00-B737-EF6AD070E068}.AppStore|Any CPU.Build.0 = Release|x86
		{35C74D29-AA92-4F00-B737-EF6AD070E068}.AppStore|Any CPU.Deploy.0 = Release|x86
		{35C74D29-AA92-4F00-B737-EF6AD070E068}.AppStore|ARM.ActiveCfg = Release|ARM
		{35C74D29-AA92-4F00-B737-EF6AD070E068}.AppStore|ARM.Build.0 = Release|ARM
		{35C74D29-AA92-4F00-B737-EF6AD070E068}.AppStore|ARM.Deploy.0 = Release|ARM
		{35C74D29-AA92-4F00-B737-EF6AD070E068}.AppStore|iPhone.ActiveCfg = Release|x86
		{35C74D29-AA92-4F00-B737-EF6AD070E068}.AppStore|iPhone.Build.0 = Release|x86
		{35C74D29-AA92-4F00-B737-EF6AD070E068}.AppStore|iPhone.Deploy.0 = Release|x86
		{35C74D29-AA92-4F00-B737-EF6AD070E068}.AppStore|iPhoneSimulator.ActiveCfg = Release|x86
		{35C74D29-AA92-4F00-B737-EF6AD070E068}.AppStore|iPhoneSimulator.Build.0 = Release|x86
		{35C74D29-AA92-4F00-B737-EF6AD070E068}.AppStore|iPhoneSimulator.Deploy.0 = Release|x86
		{35C74D29-AA92-4F00-B737-EF6AD070E068}.AppStore|x64.ActiveCfg = Release|x64
		{35C74D29-AA92-4F00-B737-EF6AD070E068}.AppStore|x64.Build.0 = Release|x64
		{35C74D29-AA92-4F00-B737-EF6AD070E068}.AppStore|x64.Deploy.0 = Release|x64
		{35C74D29-AA92-4F00-B737-EF6AD070E068}.AppStore|x86.ActiveCfg = Release|x86
		{35C74D29-AA92-4F00-B737-EF6AD070E068}.AppStore|x86.Build.0 = Release|x86
		{35C74D29-AA92-4F00-B737-EF6AD070E068}.AppStore|x86.Deploy.0 = Release|x86
		{35C74D29-AA92-4F00-B737-EF6AD070E068}.Debug|Any CPU.ActiveCfg = Debug|x86
		{35C74D29-AA92-4F00-B737-EF6AD070E068}.Debug|ARM.ActiveCfg = Debug|ARM
		{35C74D29-AA92-4F00-B737-EF6AD070E068}.Debug|ARM.Build.0 = Debug|ARM
		{35C74D29-AA92-4F00-B737-EF6AD070E068}.Debug|ARM.Deploy.0 = Debug|ARM
		{35C74D29-AA92-4F00-B737-EF6AD070E068}.Debug|iPhone.ActiveCfg = Debug|x86
		{35C74D29-AA92-4F00-B737-EF6AD070E068}.Debug|iPhoneSimulator.ActiveCfg = Debug|x86
		{35C74D29-AA92-4F00-B737-EF6AD070E068}.Debug|x64.ActiveCfg = Debug|x64
		{35C74D29-AA92-4F00-B737-EF6AD070E068}.Debug|x64.Build.0 = Debug|x64
		{35C74D29-AA92-4F00-B737-EF6AD070E068}.Debug|x64.Deploy.0 = Debug|x64
		{35C74D29-AA92-4F00-B737-EF6AD070E068}.Debug|x86.ActiveCfg = Debug|x86
		{35C74D29-AA92-4F00-B737-EF6AD070E068}.Debug|x86.Build.0 = Debug|x86
		{35C74D29-AA92-4F00-B737-EF6AD070E068}.Debug|x86.Deploy.0 = Debug|x86
		{35C74D29-AA92-4F00-B737-EF6AD070E068}.Release|Any CPU.ActiveCfg = Release|x86
		{35C74D29-AA92-4F00-B737-EF6AD070E068}.Release|ARM.ActiveCfg = Release|ARM
		{35C74D29-AA92-4F00-B737-EF6AD070E068}.Release|ARM.Build.0 = Release|ARM
		{35C74D29-AA92-4F00-B737-EF6AD070E068}.Release|ARM.Deploy.0 = Release|ARM
		{35C74D29-AA92-4F00-B737-EF6AD070E068}.Release|iPhone.ActiveCfg = Release|x86
		{35C74D29-AA92-4F00-B737-EF6AD070E068}.Release|iPhoneSimulator.ActiveCfg = Release|x86
		{35C74D29-AA92-4F00-B737-EF6AD070E068}.Release|x64.ActiveCfg = Release|x64
		{35C74D29-AA92-4F00-B737-EF6AD070E068}.Release|x64.Build.0 = Release|x64
		{35C74D29-AA92-4F00-B737-EF6AD070E068}.Release|x64.Deploy.0 = Release|x64
		{35C74D29-AA92-4F00-B737-EF6AD070E068}.Release|x86.ActiveCfg = Release|x86
		{35C74D29-AA92-4F00-B737-EF6AD070E068}.Release|x86.Build.0 = Release|x86
		{35C74D29-AA92-4F00-B737-EF6AD070E068}.Release|x86.Deploy.0 = Release|x86
	EndGlobalSection
	GlobalSection(SolutionProperties) = preSolution
		HideSolutionNode = FALSE
	EndGlobalSection
EndGlobal
